# This file is automatically @generated by Cargo.
# It is not intended for manual editing.
version = 3

[[package]]
name = "aho-corasick"
version = "0.7.18"
source = "registry+https://github.com/rust-lang/crates.io-index"
checksum = "1e37cfd5e7657ada45f742d6e99ca5788580b5c529dc78faf11ece6dc702656f"
dependencies = [
 "memchr",
]

[[package]]
name = "anyhow"
version = "1.0.56"
source = "registry+https://github.com/rust-lang/crates.io-index"
checksum = "4361135be9122e0870de935d7c439aef945b9f9ddd4199a553b5270b49c82a27"

[[package]]
name = "byteorder"
version = "1.4.3"
source = "registry+https://github.com/rust-lang/crates.io-index"
checksum = "14c189c53d098945499cdfa7ecc63567cf3886b3332b312a5b4585d8d3a6a610"

[[package]]
name = "cc"
version = "1.0.73"
source = "registry+https://github.com/rust-lang/crates.io-index"
checksum = "2fff2a6927b3bb87f9595d67196a70493f627687a71d87a0d692242c33f58c11"

[[package]]
name = "cfg-if"
version = "1.0.0"
source = "registry+https://github.com/rust-lang/crates.io-index"
checksum = "baf1de4339761588bc0619e3cbc0120ee582ebb74b53b4efbf79117bd2da40fd"

[[package]]
name = "cpp"
version = "0.5.6"
source = "registry+https://github.com/rust-lang/crates.io-index"
checksum = "4875a08600be48dcc9cb6ee07f104a3e0752e95184dede6a30044d6480bf50e8"
dependencies = [
 "cpp_macros",
]

[[package]]
name = "cpp_build"
version = "0.5.6"
source = "registry+https://github.com/rust-lang/crates.io-index"
checksum = "762705b71f4a8c5b65148de0e76bf18770c724ca2759f04ca29be9d508e1230d"
dependencies = [
 "cc",
 "cpp_common",
 "lazy_static",
 "proc-macro2",
 "regex",
 "syn",
 "unicode-xid",
]

[[package]]
name = "cpp_common"
version = "0.5.6"
source = "registry+https://github.com/rust-lang/crates.io-index"
checksum = "df78ad28e5fe814285016779fb3d3b874520c799a847e6190bf2b834cc4ff283"
dependencies = [
 "lazy_static",
 "proc-macro2",
 "syn",
]

[[package]]
name = "cpp_macros"
version = "0.5.6"
source = "registry+https://github.com/rust-lang/crates.io-index"
checksum = "4f93a21e618c10abc84ebb63ffa5952e1f7a4568b8141d542d5ef860e4a8fc25"
dependencies = [
 "aho-corasick",
 "byteorder",
 "cpp_common",
 "if_rust_version",
 "lazy_static",
 "proc-macro2",
 "quote",
 "syn",
]

[[package]]
name = "if_rust_version"
version = "1.0.0"
source = "registry+https://github.com/rust-lang/crates.io-index"
checksum = "46dbcb333e86939721589d25a3557e180b52778cb33c7fdfe9e0158ff790d5ec"

[[package]]
name = "lazy_static"
version = "1.4.0"
source = "registry+https://github.com/rust-lang/crates.io-index"
checksum = "e2abad23fbc42b3700f2f279844dc832adb2b2eb069b2df918f455c4e18cc646"

[[package]]
name = "log"
version = "0.4.16"
source = "registry+https://github.com/rust-lang/crates.io-index"
checksum = "6389c490849ff5bc16be905ae24bc913a9c8892e19b2341dbc175e14c341c2b8"
dependencies = [
 "cfg-if",
]

[[package]]
name = "memchr"
version = "2.4.1"
source = "registry+https://github.com/rust-lang/crates.io-index"
checksum = "308cc39be01b73d0d18f82a0e7b2a3df85245f84af96fdddc5d202d27e47b86a"

[[package]]
name = "proc-macro2"
version = "1.0.36"
source = "registry+https://github.com/rust-lang/crates.io-index"
checksum = "c7342d5883fbccae1cc37a2353b09c87c9b0f3afd73f5fb9bba687a1f733b029"
dependencies = [
 "unicode-xid",
]

[[package]]
name = "qmetaobject"
version = "0.2.7"
source = "registry+https://github.com/rust-lang/crates.io-index"
checksum = "d71c60860a0ef8259052483ee130374b43ff044c788962278c67117c90ec6153"
dependencies = [
 "cpp",
 "cpp_build",
 "lazy_static",
 "log",
 "qmetaobject_impl",
 "qttypes",
 "semver",
]

[[package]]
name = "qmetaobject_impl"
version = "0.2.7"
source = "registry+https://github.com/rust-lang/crates.io-index"
checksum = "d239b5ac2ca702783def84c76ea4c15ba0918fe87af6911034313cae6f9e215d"
dependencies = [
 "proc-macro2",
 "quote",
 "syn",
]

[[package]]
name = "qttypes"
version = "0.2.8"
source = "registry+https://github.com/rust-lang/crates.io-index"
checksum = "0c068c77775ed30e644d8f3b3d9a1d1ee9e120a634ede281cdc42a100823deb7"
dependencies = [
 "cpp",
 "cpp_build",
 "semver",
]

[[package]]
name = "quote"
version = "1.0.16"
source = "registry+https://github.com/rust-lang/crates.io-index"
checksum = "b4af2ec4714533fcdf07e886f17025ace8b997b9ce51204ee69b6da831c3da57"
dependencies = [
 "proc-macro2",
]

[[package]]
name = "regex"
version = "1.5.5"
source = "registry+https://github.com/rust-lang/crates.io-index"
checksum = "1a11647b6b25ff05a515cb92c365cec08801e83423a235b51e231e1808747286"
dependencies = [
 "aho-corasick",
 "memchr",
 "regex-syntax",
]

[[package]]
name = "regex-syntax"
version = "0.6.25"
source = "registry+https://github.com/rust-lang/crates.io-index"
checksum = "f497285884f3fcff424ffc933e56d7cbca511def0c9831a7f9b5f6153e3cc89b"

[[package]]
name = "semver"
version = "1.0.6"
source = "registry+https://github.com/rust-lang/crates.io-index"
checksum = "a4a3381e03edd24287172047536f20cabde766e2cd3e65e6b00fb3af51c4f38d"

[[package]]
name = "syn"
version = "1.0.89"
source = "registry+https://github.com/rust-lang/crates.io-index"
checksum = "ea297be220d52398dcc07ce15a209fce436d361735ac1db700cab3b6cdfb9f54"
dependencies = [
 "proc-macro2",
 "quote",
 "unicode-xid",
]

[[package]]
name = "talaria"
version = "0.1.0"
dependencies = [
 "anyhow",
 "qmetaobject",
]

[[package]]
name = "unicode-xid"
version = "0.2.2"
source = "registry+https://github.com/rust-lang/crates.io-index"
checksum = "8ccb82d61f80a663efe1f787a51b16b5a51e3314d6ac365b08639f52387b33f3"
